<?xml version="1.0" encoding="utf-8"?>
<Project ToolsVersion="4.0" xmlns="http://schemas.microsoft.com/developer/msbuild/2003">
  <ItemGroup>
    <Filter Include="Source Files">
      <UniqueIdentifier>{4FC737F1-C7A5-4376-A066-2A32D752A2FF}</UniqueIdentifier>
      <Extensions>cpp;c;cc;cxx;def;odl;idl;hpj;bat;asm;asmx</Extensions>
    </Filter>
    <Filter Include="Header Files">
      <UniqueIdentifier>{93995380-89BD-4b04-88EB-625FBE52EBFB}</UniqueIdentifier>
      <Extensions>h;hh;hpp;hxx;hm;inl;inc;xsd</Extensions>
    </Filter>
    <Filter Include="Resource Files">
      <UniqueIdentifier>{67DA6AB6-F800-4c08-8B7A-83BB121AAD01}</UniqueIdentifier>
      <Extensions>rc;ico;cur;bmp;dlg;rc2;rct;bin;rgs;gif;jpg;jpeg;jpe;resx;tiff;tif;png;wav;mfcribbon-ms</Extensions>
    </Filter>
    <Filter Include="Header Files\Convolutional">
      <UniqueIdentifier>{d818345f-75a0-411b-88a4-a34d2a204565}</UniqueIdentifier>
    </Filter>
    <Filter Include="Source Files\Convolutional">
      <UniqueIdentifier>{389a33df-d3f3-46ea-bd9a-2b08c43e265a}</UniqueIdentifier>
    </Filter>
    <Filter Include="Header Files\Convolutional\InputData">
      <UniqueIdentifier>{ed721f91-0b0a-4bb9-b862-e8c52fb151bb}</UniqueIdentifier>
    </Filter>
    <Filter Include="Source Files\Convolutional\InputData">
      <UniqueIdentifier>{97d73516-a6a1-415d-81f5-529977541780}</UniqueIdentifier>
    </Filter>
    <Filter Include="Source Files\Convolutional\SubSampler">
      <UniqueIdentifier>{e0a8486f-c6c8-4612-9a07-ce227db794aa}</UniqueIdentifier>
    </Filter>
    <Filter Include="Header Files\Convolutional\SubSampler">
      <UniqueIdentifier>{0dd7a0b6-e58f-4c98-84a2-dfdaa2946d63}</UniqueIdentifier>
    </Filter>
  </ItemGroup>
  <ItemGroup>
    <ClInclude Include="neural_network.h">
      <Filter>Header Files\Convolutional</Filter>
    </ClInclude>
    <ClInclude Include="matrix.h">
      <Filter>Header Files\Convolutional</Filter>
    </ClInclude>
    <ClInclude Include="training_data.h">
      <Filter>Header Files\Convolutional</Filter>
    </ClInclude>
    <ClInclude Include="neural_network_trainer.h">
      <Filter>Header Files\Convolutional</Filter>
    </ClInclude>
    <ClInclude Include="image.h">
      <Filter>Header Files\Convolutional\InputData</Filter>
    </ClInclude>
    <ClInclude Include="sentence.h">
      <Filter>Header Files\Convolutional\InputData</Filter>
    </ClInclude>
    <ClInclude Include="iinput_data.h">
      <Filter>Header Files\Convolutional\InputData</Filter>
    </ClInclude>
    <ClInclude Include="multi_matrix_factory.h">
      <Filter>Header Files\Convolutional</Filter>
    </ClInclude>
    <ClInclude Include="ipooler.h">
      <Filter>Header Files\Convolutional\SubSampler</Filter>
    </ClInclude>
    <ClInclude Include="neuron.h">
      <Filter>Header Files\Convolutional\SubSampler</Filter>
    </ClInclude>
    <ClInclude Include="isubsampler.h">
      <Filter>Header Files\Convolutional\SubSampler</Filter>
    </ClInclude>
    <ClInclude Include="multi_matrix.h">
      <Filter>Header Files\Convolutional</Filter>
    </ClInclude>
  </ItemGroup>
  <ItemGroup>
    <ClCompile Include="neural_network.cpp">
      <Filter>Source Files\Convolutional</Filter>
    </ClCompile>
    <ClCompile Include="matrix.cpp">
      <Filter>Source Files\Convolutional</Filter>
    </ClCompile>
    <ClCompile Include="neural_network_trainer.cpp">
      <Filter>Source Files\Convolutional</Filter>
    </ClCompile>
    <ClCompile Include="main.cpp">
      <Filter>Source Files\Convolutional</Filter>
    </ClCompile>
    <ClCompile Include="image.cpp">
      <Filter>Source Files\Convolutional\InputData</Filter>
    </ClCompile>
    <ClCompile Include="sentence.cpp">
      <Filter>Source Files\Convolutional\InputData</Filter>
    </ClCompile>
    <ClCompile Include="multi_matrix_factory.cpp">
      <Filter>Source Files\Convolutional</Filter>
    </ClCompile>
    <ClCompile Include="isubsampler.cpp">
      <Filter>Source Files\Convolutional\SubSampler</Filter>
    </ClCompile>
    <ClCompile Include="neuron.cpp">
      <Filter>Source Files\Convolutional\SubSampler</Filter>
    </ClCompile>
    <ClCompile Include="multi_matrix.cpp">
      <Filter>Source Files\Convolutional</Filter>
    </ClCompile>
  </ItemGroup>
</Project>