<?xml version="1.0" encoding="utf-8"?>
<Project ToolsVersion="4.0" xmlns="http://schemas.microsoft.com/developer/msbuild/2003">
  <ItemGroup>
    <Filter Include="Source Files">
      <UniqueIdentifier>{4FC737F1-C7A5-4376-A066-2A32D752A2FF}</UniqueIdentifier>
      <Extensions>cpp;c;cc;cxx;def;odl;idl;hpj;bat;asm;asmx</Extensions>
    </Filter>
    <Filter Include="Header Files">
      <UniqueIdentifier>{93995380-89BD-4b04-88EB-625FBE52EBFB}</UniqueIdentifier>
      <Extensions>h;hh;hpp;hxx;hm;inl;inc;xsd</Extensions>
    </Filter>
    <Filter Include="Header Files\Convolutional">
      <UniqueIdentifier>{d818345f-75a0-411b-88a4-a34d2a204565}</UniqueIdentifier>
    </Filter>
    <Filter Include="Source Files\Convolutional">
      <UniqueIdentifier>{389a33df-d3f3-46ea-bd9a-2b08c43e265a}</UniqueIdentifier>
    </Filter>
    <Filter Include="Header Files\Convolutional\InputData">
      <UniqueIdentifier>{ed721f91-0b0a-4bb9-b862-e8c52fb151bb}</UniqueIdentifier>
    </Filter>
    <Filter Include="Source Files\Convolutional\InputData">
      <UniqueIdentifier>{97d73516-a6a1-415d-81f5-529977541780}</UniqueIdentifier>
    </Filter>
    <Filter Include="Header Files\Convolutional\Layer">
      <UniqueIdentifier>{0dd7a0b6-e58f-4c98-84a2-dfdaa2946d63}</UniqueIdentifier>
    </Filter>
    <Filter Include="Header Files\Convolutional\Layer\Pooler">
      <UniqueIdentifier>{1e2a4b0b-24aa-408a-8f4c-b7868b583cf5}</UniqueIdentifier>
    </Filter>
    <Filter Include="Source Files\Convolutional\Layer">
      <UniqueIdentifier>{e0a8486f-c6c8-4612-9a07-ce227db794aa}</UniqueIdentifier>
    </Filter>
    <Filter Include="Source Files\Convolutional\Layer\Pooler">
      <UniqueIdentifier>{f24abaf7-13bc-4419-ba84-0b102a78f776}</UniqueIdentifier>
    </Filter>
  </ItemGroup>
  <ItemGroup>
    <ClCompile Include="Convolutional\InputData\image.cpp">
      <Filter>Source Files\Convolutional\InputData</Filter>
    </ClCompile>
    <ClCompile Include="Convolutional\InputData\sentence.cpp">
      <Filter>Source Files\Convolutional\InputData</Filter>
    </ClCompile>
    <ClCompile Include="Convolutional\matrix.cpp">
      <Filter>Source Files\Convolutional</Filter>
    </ClCompile>
    <ClCompile Include="Convolutional\multi_matrix.cpp">
      <Filter>Source Files\Convolutional</Filter>
    </ClCompile>
    <ClCompile Include="Convolutional\multi_matrix_factory.cpp">
      <Filter>Source Files\Convolutional</Filter>
    </ClCompile>
    <ClCompile Include="Convolutional\neural_network.cpp">
      <Filter>Source Files\Convolutional</Filter>
    </ClCompile>
    <ClCompile Include="Convolutional\neural_network_trainer.cpp">
      <Filter>Source Files\Convolutional</Filter>
    </ClCompile>
    <ClCompile Include="Convolutional\Layer\filter.cpp">
      <Filter>Source Files\Convolutional\Layer</Filter>
    </ClCompile>
    <ClCompile Include="Convolutional\Layer\ilayer.cpp">
      <Filter>Source Files\Convolutional\Layer</Filter>
    </ClCompile>
    <ClCompile Include="Convolutional\Layer\Pooler\max_pooler.cpp">
      <Filter>Source Files\Convolutional\Layer\Pooler</Filter>
    </ClCompile>
    <ClCompile Include="main.cpp">
      <Filter>Source Files</Filter>
    </ClCompile>
  </ItemGroup>
  <ItemGroup>
    <ClInclude Include="Convolutional\InputData\iinput_data.hpp">
      <Filter>Header Files\Convolutional\InputData</Filter>
    </ClInclude>
    <ClInclude Include="Convolutional\InputData\image.hpp">
      <Filter>Header Files\Convolutional\InputData</Filter>
    </ClInclude>
    <ClInclude Include="Convolutional\InputData\sentence.hpp">
      <Filter>Header Files\Convolutional\InputData</Filter>
    </ClInclude>
    <ClInclude Include="Convolutional\matrix.hpp">
      <Filter>Header Files\Convolutional</Filter>
    </ClInclude>
    <ClInclude Include="Convolutional\multi_matrix.hpp">
      <Filter>Header Files\Convolutional</Filter>
    </ClInclude>
    <ClInclude Include="Convolutional\multi_matrix_factory.hpp">
      <Filter>Header Files\Convolutional</Filter>
    </ClInclude>
    <ClInclude Include="Convolutional\neural_network.hpp">
      <Filter>Header Files\Convolutional</Filter>
    </ClInclude>
    <ClInclude Include="Convolutional\neural_network_trainer.hpp">
      <Filter>Header Files\Convolutional</Filter>
    </ClInclude>
    <ClInclude Include="Convolutional\training_data.hpp">
      <Filter>Header Files\Convolutional</Filter>
    </ClInclude>
    <ClInclude Include="Convolutional\Layer\filter.hpp">
      <Filter>Header Files\Convolutional\Layer</Filter>
    </ClInclude>
    <ClInclude Include="Convolutional\Layer\ilayer.hpp">
      <Filter>Header Files\Convolutional\Layer</Filter>
    </ClInclude>
    <ClInclude Include="Convolutional\Layer\Pooler\ipooler.hpp">
      <Filter>Header Files\Convolutional\Layer\Pooler</Filter>
    </ClInclude>
    <ClInclude Include="Convolutional\Layer\Pooler\max_pooler.hpp">
      <Filter>Header Files\Convolutional\Layer\Pooler</Filter>
    </ClInclude>
  </ItemGroup>
</Project>