<?xml version="1.0" encoding="utf-8"?>
<Project ToolsVersion="4.0" xmlns="http://schemas.microsoft.com/developer/msbuild/2003">
  <ItemGroup>
    <Filter Include="Source Files">
      <UniqueIdentifier>{4FC737F1-C7A5-4376-A066-2A32D752A2FF}</UniqueIdentifier>
      <Extensions>cpp;c;cc;cxx;def;odl;idl;hpj;bat;asm;asmx</Extensions>
    </Filter>
    <Filter Include="Header Files">
      <UniqueIdentifier>{93995380-89BD-4b04-88EB-625FBE52EBFB}</UniqueIdentifier>
      <Extensions>h;hh;hpp;hxx;hm;inl;inc;xsd</Extensions>
    </Filter>
    <Filter Include="Resource Files">
      <UniqueIdentifier>{67DA6AB6-F800-4c08-8B7A-83BB121AAD01}</UniqueIdentifier>
      <Extensions>rc;ico;cur;bmp;dlg;rc2;rct;bin;rgs;gif;jpg;jpeg;jpe;resx;tiff;tif;png;wav;mfcribbon-ms</Extensions>
    </Filter>
    <Filter Include="Header Files\JNF_NEAT">
      <UniqueIdentifier>{23cc21cd-1bfc-4d84-86a8-78048f252efd}</UniqueIdentifier>
    </Filter>
  </ItemGroup>
  <ItemGroup>
    <ClInclude Include="..\..\JNF_NEAT\body.h">
      <Filter>Header Files\JNF_NEAT</Filter>
    </ClInclude>
    <ClInclude Include="..\..\JNF_NEAT\gene.h">
      <Filter>Header Files\JNF_NEAT</Filter>
    </ClInclude>
    <ClInclude Include="..\..\JNF_NEAT\genome.h">
      <Filter>Header Files\JNF_NEAT</Filter>
    </ClInclude>
    <ClInclude Include="..\..\JNF_NEAT\logger.h">
      <Filter>Header Files\JNF_NEAT</Filter>
    </ClInclude>
    <ClInclude Include="..\..\JNF_NEAT\neural_network.h">
      <Filter>Header Files\JNF_NEAT</Filter>
    </ClInclude>
    <ClInclude Include="..\..\JNF_NEAT\neural_network_trainer.h">
      <Filter>Header Files\JNF_NEAT</Filter>
    </ClInclude>
    <ClInclude Include="..\..\JNF_NEAT\neuron.h">
      <Filter>Header Files\JNF_NEAT</Filter>
    </ClInclude>
    <ClInclude Include="..\..\JNF_NEAT\organism.h">
      <Filter>Header Files\JNF_NEAT</Filter>
    </ClInclude>
    <ClInclude Include="..\..\JNF_NEAT\species.h">
      <Filter>Header Files\JNF_NEAT</Filter>
    </ClInclude>
    <ClInclude Include="..\..\JNF_NEAT\trained_neural_network.h">
      <Filter>Header Files\JNF_NEAT</Filter>
    </ClInclude>
    <ClInclude Include="..\..\JNF_NEAT\training_parameters.h">
      <Filter>Header Files\JNF_NEAT</Filter>
    </ClInclude>
    <ClInclude Include="..\..\JNF_NEAT\training_data.h">
      <Filter>Header Files\JNF_NEAT</Filter>
    </ClInclude>
    <ClInclude Include="..\..\JNF_NEAT\species_manager.h">
      <Filter>Header Files\JNF_NEAT</Filter>
    </ClInclude>
    <ClInclude Include="..\..\JNF_NEAT\supervised_training_body.h">
      <Filter>Header Files\JNF_NEAT</Filter>
    </ClInclude>
  </ItemGroup>
  <ItemGroup>
    <ClCompile Include="main.cpp">
      <Filter>Source Files</Filter>
    </ClCompile>
    <ClCompile Include="..\..\JNF_NEAT\gene.cpp">
      <Filter>Header Files\JNF_NEAT</Filter>
    </ClCompile>
    <ClCompile Include="..\..\JNF_NEAT\genome.cpp">
      <Filter>Header Files\JNF_NEAT</Filter>
    </ClCompile>
    <ClCompile Include="..\..\JNF_NEAT\logger.cpp">
      <Filter>Header Files\JNF_NEAT</Filter>
    </ClCompile>
    <ClCompile Include="..\..\JNF_NEAT\neural_network.cpp">
      <Filter>Header Files\JNF_NEAT</Filter>
    </ClCompile>
    <ClCompile Include="..\..\JNF_NEAT\neural_network_trainer.cpp">
      <Filter>Header Files\JNF_NEAT</Filter>
    </ClCompile>
    <ClCompile Include="..\..\JNF_NEAT\neuron.cpp">
      <Filter>Header Files\JNF_NEAT</Filter>
    </ClCompile>
    <ClCompile Include="..\..\JNF_NEAT\organism.cpp">
      <Filter>Header Files\JNF_NEAT</Filter>
    </ClCompile>
    <ClCompile Include="..\..\JNF_NEAT\species.cpp">
      <Filter>Header Files\JNF_NEAT</Filter>
    </ClCompile>
    <ClCompile Include="..\..\JNF_NEAT\trained_neural_network.cpp">
      <Filter>Header Files\JNF_NEAT</Filter>
    </ClCompile>
    <ClCompile Include="..\..\JNF_NEAT\training_parameters.cpp">
      <Filter>Header Files\JNF_NEAT</Filter>
    </ClCompile>
    <ClCompile Include="..\..\JNF_NEAT\species_manager.cpp">
      <Filter>Header Files\JNF_NEAT</Filter>
    </ClCompile>
  </ItemGroup>
</Project>