
Microsoft Visual Studio Solution File, Format Version 12.00
# Visual Studio 15
VisualStudioVersion = 15.0.26014.0
MinimumVisualStudioVersion = 10.0.40219.1
Project("{2150E333-8FDC-42A3-9474-1A3956D46DE8}") = "neat", "neat", "{2BAF5BA8-6011-4D9D-A3D9-C54DA3C3C3E7}"
EndProject
Project("{2150E333-8FDC-42A3-9474-1A3956D46DE8}") = "cnn", "cnn", "{C2700F2A-5E54-4889-ACB1-4F3C959CAC18}"
EndProject
Project("{2150E333-8FDC-42A3-9474-1A3956D46DE8}") = "core", "core", "{A2305D25-5CED-48CC-B4D1-FB4E2DD731CF}"
EndProject
Project("{2150E333-8FDC-42A3-9474-1A3956D46DE8}") = "source", "source", "{077711A9-0958-4B3B-8A5E-1E27EE0FEA80}"
EndProject
Project("{2150E333-8FDC-42A3-9474-1A3956D46DE8}") = "test", "test", "{8CD563DF-CD07-4014-971F-85CC55D2E076}"
EndProject
Project("{8BC9CEB8-8B4A-11D0-8D11-00A0C91BC942}") = "neat", "hippocrates\neat\core\source\neat.vcxproj", "{2E0E7930-3B86-4440-9F8C-AD90D19A2A94}"
	ProjectSection(ProjectDependencies) = postProject
		{4BC6FE34-B5F0-4105-BCA0-59882DCF7DF7} = {4BC6FE34-B5F0-4105-BCA0-59882DCF7DF7}
	EndProjectSection
EndProject
Project("{8BC9CEB8-8B4A-11D0-8D11-00A0C91BC942}") = "xor_three_bits", "hippocrates\neat\core\test\xor_three_bits\xor_three_bits.vcxproj", "{21BF0885-F1EF-4BF6-A8FB-3384199CBEB0}"
EndProject
Project("{8BC9CEB8-8B4A-11D0-8D11-00A0C91BC942}") = "xor_two_bits", "hippocrates\neat\core\test\xor_two_bits\xor_two_bits.vcxproj", "{3AD3F4B0-1414-4355-AC9F-A6118C6C52EF}"
EndProject
Project("{2150E333-8FDC-42A3-9474-1A3956D46DE8}") = "source", "source", "{9D389193-FEE4-47C8-9F0D-AAAD84E1530E}"
EndProject
Project("{2150E333-8FDC-42A3-9474-1A3956D46DE8}") = "test", "test", "{D6CB5815-13C8-4468-92D4-AAD23CAC2B9C}"
EndProject
Project("{8BC9CEB8-8B4A-11D0-8D11-00A0C91BC942}") = "cnn", "hippocrates\cnn\source\cnn.vcxproj", "{4BC6FE34-B5F0-4105-BCA0-59882DCF7DF7}"
EndProject
Project("{8BC9CEB8-8B4A-11D0-8D11-00A0C91BC942}") = "sandbox", "hippocrates\cnn\test\sandbox\sandbox.vcxproj", "{9B686998-F22E-4AD1-8424-D40D6806ECC9}"
EndProject
Project("{8BC9CEB8-8B4A-11D0-8D11-00A0C91BC942}") = "even_numbers", "hippocrates\neat\core\test\even_numbers\even_numbers.vcxproj", "{7595137A-0CD6-46FB-8B5C-DB7BB555CC3D}"
EndProject
Project("{8BC9CEB8-8B4A-11D0-8D11-00A0C91BC942}") = "testing_utilities", "hippocrates\neat\core\test\testing_utilities\testing_utilities.vcxproj", "{495DE3F6-9335-4278-A4EC-EC714DB06144}"
EndProject
Project("{2150E333-8FDC-42A3-9474-1A3956D46DE8}") = "common", "common", "{79E61CC5-D903-4EEB-B12B-5E6A2FC4776C}"
EndProject
Project("{8BC9CEB8-8B4A-11D0-8D11-00A0C91BC942}") = "utility", "hippocrates\common\utility\utility.vcxproj", "{0F45A91C-5983-4C60-AF48-F89B8D873D73}"
EndProject
Global
	GlobalSection(SolutionConfigurationPlatforms) = preSolution
		Debug|x64 = Debug|x64
		Debug|x86 = Debug|x86
		Release|x64 = Release|x64
		Release|x86 = Release|x86
	EndGlobalSection
	GlobalSection(ProjectConfigurationPlatforms) = postSolution
		{2E0E7930-3B86-4440-9F8C-AD90D19A2A94}.Debug|x64.ActiveCfg = Debug|x64
		{2E0E7930-3B86-4440-9F8C-AD90D19A2A94}.Debug|x64.Build.0 = Debug|x64
		{2E0E7930-3B86-4440-9F8C-AD90D19A2A94}.Debug|x86.ActiveCfg = Debug|Win32
		{2E0E7930-3B86-4440-9F8C-AD90D19A2A94}.Debug|x86.Build.0 = Debug|Win32
		{2E0E7930-3B86-4440-9F8C-AD90D19A2A94}.Release|x64.ActiveCfg = Release|x64
		{2E0E7930-3B86-4440-9F8C-AD90D19A2A94}.Release|x64.Build.0 = Release|x64
		{2E0E7930-3B86-4440-9F8C-AD90D19A2A94}.Release|x86.ActiveCfg = Release|Win32
		{2E0E7930-3B86-4440-9F8C-AD90D19A2A94}.Release|x86.Build.0 = Release|Win32
		{21BF0885-F1EF-4BF6-A8FB-3384199CBEB0}.Debug|x64.ActiveCfg = Debug|x64
		{21BF0885-F1EF-4BF6-A8FB-3384199CBEB0}.Debug|x64.Build.0 = Debug|x64
		{21BF0885-F1EF-4BF6-A8FB-3384199CBEB0}.Debug|x86.ActiveCfg = Debug|Win32
		{21BF0885-F1EF-4BF6-A8FB-3384199CBEB0}.Debug|x86.Build.0 = Debug|Win32
		{21BF0885-F1EF-4BF6-A8FB-3384199CBEB0}.Release|x64.ActiveCfg = Release|x64
		{21BF0885-F1EF-4BF6-A8FB-3384199CBEB0}.Release|x64.Build.0 = Release|x64
		{21BF0885-F1EF-4BF6-A8FB-3384199CBEB0}.Release|x86.ActiveCfg = Release|Win32
		{21BF0885-F1EF-4BF6-A8FB-3384199CBEB0}.Release|x86.Build.0 = Release|Win32
		{3AD3F4B0-1414-4355-AC9F-A6118C6C52EF}.Debug|x64.ActiveCfg = Debug|x64
		{3AD3F4B0-1414-4355-AC9F-A6118C6C52EF}.Debug|x64.Build.0 = Debug|x64
		{3AD3F4B0-1414-4355-AC9F-A6118C6C52EF}.Debug|x86.ActiveCfg = Debug|Win32
		{3AD3F4B0-1414-4355-AC9F-A6118C6C52EF}.Debug|x86.Build.0 = Debug|Win32
		{3AD3F4B0-1414-4355-AC9F-A6118C6C52EF}.Release|x64.ActiveCfg = Release|x64
		{3AD3F4B0-1414-4355-AC9F-A6118C6C52EF}.Release|x64.Build.0 = Release|x64
		{3AD3F4B0-1414-4355-AC9F-A6118C6C52EF}.Release|x86.ActiveCfg = Release|Win32
		{3AD3F4B0-1414-4355-AC9F-A6118C6C52EF}.Release|x86.Build.0 = Release|Win32
		{4BC6FE34-B5F0-4105-BCA0-59882DCF7DF7}.Debug|x64.ActiveCfg = Debug|x64
		{4BC6FE34-B5F0-4105-BCA0-59882DCF7DF7}.Debug|x64.Build.0 = Debug|x64
		{4BC6FE34-B5F0-4105-BCA0-59882DCF7DF7}.Debug|x86.ActiveCfg = Debug|Win32
		{4BC6FE34-B5F0-4105-BCA0-59882DCF7DF7}.Debug|x86.Build.0 = Debug|Win32
		{4BC6FE34-B5F0-4105-BCA0-59882DCF7DF7}.Release|x64.ActiveCfg = Release|x64
		{4BC6FE34-B5F0-4105-BCA0-59882DCF7DF7}.Release|x64.Build.0 = Release|x64
		{4BC6FE34-B5F0-4105-BCA0-59882DCF7DF7}.Release|x86.ActiveCfg = Release|Win32
		{4BC6FE34-B5F0-4105-BCA0-59882DCF7DF7}.Release|x86.Build.0 = Release|Win32
		{9B686998-F22E-4AD1-8424-D40D6806ECC9}.Debug|x64.ActiveCfg = Debug|x64
		{9B686998-F22E-4AD1-8424-D40D6806ECC9}.Debug|x64.Build.0 = Debug|x64
		{9B686998-F22E-4AD1-8424-D40D6806ECC9}.Debug|x86.ActiveCfg = Debug|Win32
		{9B686998-F22E-4AD1-8424-D40D6806ECC9}.Debug|x86.Build.0 = Debug|Win32
		{9B686998-F22E-4AD1-8424-D40D6806ECC9}.Release|x64.ActiveCfg = Release|x64
		{9B686998-F22E-4AD1-8424-D40D6806ECC9}.Release|x64.Build.0 = Release|x64
		{9B686998-F22E-4AD1-8424-D40D6806ECC9}.Release|x86.ActiveCfg = Release|Win32
		{9B686998-F22E-4AD1-8424-D40D6806ECC9}.Release|x86.Build.0 = Release|Win32
		{7595137A-0CD6-46FB-8B5C-DB7BB555CC3D}.Debug|x64.ActiveCfg = Debug|x64
		{7595137A-0CD6-46FB-8B5C-DB7BB555CC3D}.Debug|x64.Build.0 = Debug|x64
		{7595137A-0CD6-46FB-8B5C-DB7BB555CC3D}.Debug|x86.ActiveCfg = Debug|Win32
		{7595137A-0CD6-46FB-8B5C-DB7BB555CC3D}.Debug|x86.Build.0 = Debug|Win32
		{7595137A-0CD6-46FB-8B5C-DB7BB555CC3D}.Release|x64.ActiveCfg = Release|x64
		{7595137A-0CD6-46FB-8B5C-DB7BB555CC3D}.Release|x64.Build.0 = Release|x64
		{7595137A-0CD6-46FB-8B5C-DB7BB555CC3D}.Release|x86.ActiveCfg = Release|Win32
		{7595137A-0CD6-46FB-8B5C-DB7BB555CC3D}.Release|x86.Build.0 = Release|Win32
		{495DE3F6-9335-4278-A4EC-EC714DB06144}.Debug|x64.ActiveCfg = Debug|x64
		{495DE3F6-9335-4278-A4EC-EC714DB06144}.Debug|x64.Build.0 = Debug|x64
		{495DE3F6-9335-4278-A4EC-EC714DB06144}.Debug|x86.ActiveCfg = Debug|Win32
		{495DE3F6-9335-4278-A4EC-EC714DB06144}.Debug|x86.Build.0 = Debug|Win32
		{495DE3F6-9335-4278-A4EC-EC714DB06144}.Release|x64.ActiveCfg = Release|x64
		{495DE3F6-9335-4278-A4EC-EC714DB06144}.Release|x64.Build.0 = Release|x64
		{495DE3F6-9335-4278-A4EC-EC714DB06144}.Release|x86.ActiveCfg = Release|Win32
		{495DE3F6-9335-4278-A4EC-EC714DB06144}.Release|x86.Build.0 = Release|Win32
		{0F45A91C-5983-4C60-AF48-F89B8D873D73}.Debug|x64.ActiveCfg = Debug|x64
		{0F45A91C-5983-4C60-AF48-F89B8D873D73}.Debug|x64.Build.0 = Debug|x64
		{0F45A91C-5983-4C60-AF48-F89B8D873D73}.Debug|x86.ActiveCfg = Debug|Win32
		{0F45A91C-5983-4C60-AF48-F89B8D873D73}.Debug|x86.Build.0 = Debug|Win32
		{0F45A91C-5983-4C60-AF48-F89B8D873D73}.Release|x64.ActiveCfg = Release|x64
		{0F45A91C-5983-4C60-AF48-F89B8D873D73}.Release|x64.Build.0 = Release|x64
		{0F45A91C-5983-4C60-AF48-F89B8D873D73}.Release|x86.ActiveCfg = Release|Win32
		{0F45A91C-5983-4C60-AF48-F89B8D873D73}.Release|x86.Build.0 = Release|Win32
	EndGlobalSection
	GlobalSection(SolutionProperties) = preSolution
		HideSolutionNode = FALSE
	EndGlobalSection
	GlobalSection(NestedProjects) = preSolution
		{A2305D25-5CED-48CC-B4D1-FB4E2DD731CF} = {2BAF5BA8-6011-4D9D-A3D9-C54DA3C3C3E7}
		{077711A9-0958-4B3B-8A5E-1E27EE0FEA80} = {A2305D25-5CED-48CC-B4D1-FB4E2DD731CF}
		{8CD563DF-CD07-4014-971F-85CC55D2E076} = {A2305D25-5CED-48CC-B4D1-FB4E2DD731CF}
		{2E0E7930-3B86-4440-9F8C-AD90D19A2A94} = {077711A9-0958-4B3B-8A5E-1E27EE0FEA80}
		{21BF0885-F1EF-4BF6-A8FB-3384199CBEB0} = {8CD563DF-CD07-4014-971F-85CC55D2E076}
		{3AD3F4B0-1414-4355-AC9F-A6118C6C52EF} = {8CD563DF-CD07-4014-971F-85CC55D2E076}
		{9D389193-FEE4-47C8-9F0D-AAAD84E1530E} = {C2700F2A-5E54-4889-ACB1-4F3C959CAC18}
		{D6CB5815-13C8-4468-92D4-AAD23CAC2B9C} = {C2700F2A-5E54-4889-ACB1-4F3C959CAC18}
		{4BC6FE34-B5F0-4105-BCA0-59882DCF7DF7} = {9D389193-FEE4-47C8-9F0D-AAAD84E1530E}
		{9B686998-F22E-4AD1-8424-D40D6806ECC9} = {D6CB5815-13C8-4468-92D4-AAD23CAC2B9C}
		{7595137A-0CD6-46FB-8B5C-DB7BB555CC3D} = {8CD563DF-CD07-4014-971F-85CC55D2E076}
		{495DE3F6-9335-4278-A4EC-EC714DB06144} = {8CD563DF-CD07-4014-971F-85CC55D2E076}
		{0F45A91C-5983-4C60-AF48-F89B8D873D73} = {79E61CC5-D903-4EEB-B12B-5E6A2FC4776C}
	EndGlobalSection
EndGlobal
