
Microsoft Visual Studio Solution File, Format Version 12.00
# Visual Studio 14
VisualStudioVersion = 14.0.24720.0
MinimumVisualStudioVersion = 10.0.40219.1
Project("{8BC9CEB8-8B4A-11D0-8D11-00A0C91BC942}") = "JNF_NEAT", "JNF_NEAT\JNF_NEAT.vcxproj", "{5D622DAF-A669-4390-B6DC-8BD3C9BAF04C}"
EndProject
Global
	GlobalSection(SolutionConfigurationPlatforms) = preSolution
		Debug|x64 = Debug|x64
		Debug|x86 = Debug|x86
		Release|x64 = Release|x64
		Release|x86 = Release|x86
	EndGlobalSection
	GlobalSection(ProjectConfigurationPlatforms) = postSolution
		{5D622DAF-A669-4390-B6DC-8BD3C9BAF04C}.Debug|x64.ActiveCfg = Debug|x64
		{5D622DAF-A669-4390-B6DC-8BD3C9BAF04C}.Debug|x64.Build.0 = Debug|x64
		{5D622DAF-A669-4390-B6DC-8BD3C9BAF04C}.Debug|x86.ActiveCfg = Debug|Win32
		{5D622DAF-A669-4390-B6DC-8BD3C9BAF04C}.Debug|x86.Build.0 = Debug|Win32
		{5D622DAF-A669-4390-B6DC-8BD3C9BAF04C}.Release|x64.ActiveCfg = Release|x64
		{5D622DAF-A669-4390-B6DC-8BD3C9BAF04C}.Release|x64.Build.0 = Release|x64
		{5D622DAF-A669-4390-B6DC-8BD3C9BAF04C}.Release|x86.ActiveCfg = Release|Win32
		{5D622DAF-A669-4390-B6DC-8BD3C9BAF04C}.Release|x86.Build.0 = Release|Win32
	EndGlobalSection
	GlobalSection(SolutionProperties) = preSolution
		HideSolutionNode = FALSE
	EndGlobalSection
EndGlobal
