
Microsoft Visual Studio Solution File, Format Version 12.00
# Visual Studio 14
VisualStudioVersion = 14.0.25420.1
MinimumVisualStudioVersion = 10.0.40219.1
Project("{8BC9CEB8-8B4A-11D0-8D11-00A0C91BC942}") = "XORSolver", "Examples\XOR\XORSolver.vcxproj", "{3AD3F4B0-1414-4355-AC9F-A6118C6C52EF}"
EndProject
Project("{8BC9CEB8-8B4A-11D0-8D11-00A0C91BC942}") = "Core", "Core\Core.vcxproj", "{2E0E7930-3B86-4440-9F8C-AD90D19A2A94}"
EndProject
Global
	GlobalSection(SolutionConfigurationPlatforms) = preSolution
		Debug|x64 = Debug|x64
		Debug|x86 = Debug|x86
		Release|x64 = Release|x64
		Release|x86 = Release|x86
	EndGlobalSection
	GlobalSection(ProjectConfigurationPlatforms) = postSolution
		{3AD3F4B0-1414-4355-AC9F-A6118C6C52EF}.Debug|x64.ActiveCfg = Debug|x64
		{3AD3F4B0-1414-4355-AC9F-A6118C6C52EF}.Debug|x64.Build.0 = Debug|x64
		{3AD3F4B0-1414-4355-AC9F-A6118C6C52EF}.Debug|x86.ActiveCfg = Debug|Win32
		{3AD3F4B0-1414-4355-AC9F-A6118C6C52EF}.Debug|x86.Build.0 = Debug|Win32
		{3AD3F4B0-1414-4355-AC9F-A6118C6C52EF}.Release|x64.ActiveCfg = Release|x64
		{3AD3F4B0-1414-4355-AC9F-A6118C6C52EF}.Release|x64.Build.0 = Release|x64
		{3AD3F4B0-1414-4355-AC9F-A6118C6C52EF}.Release|x86.ActiveCfg = Release|Win32
		{3AD3F4B0-1414-4355-AC9F-A6118C6C52EF}.Release|x86.Build.0 = Release|Win32
		{2E0E7930-3B86-4440-9F8C-AD90D19A2A94}.Debug|x64.ActiveCfg = Debug|x64
		{2E0E7930-3B86-4440-9F8C-AD90D19A2A94}.Debug|x64.Build.0 = Debug|x64
		{2E0E7930-3B86-4440-9F8C-AD90D19A2A94}.Debug|x86.ActiveCfg = Debug|Win32
		{2E0E7930-3B86-4440-9F8C-AD90D19A2A94}.Debug|x86.Build.0 = Debug|Win32
		{2E0E7930-3B86-4440-9F8C-AD90D19A2A94}.Release|x64.ActiveCfg = Release|x64
		{2E0E7930-3B86-4440-9F8C-AD90D19A2A94}.Release|x64.Build.0 = Release|x64
		{2E0E7930-3B86-4440-9F8C-AD90D19A2A94}.Release|x86.ActiveCfg = Release|Win32
		{2E0E7930-3B86-4440-9F8C-AD90D19A2A94}.Release|x86.Build.0 = Release|Win32
	EndGlobalSection
	GlobalSection(SolutionProperties) = preSolution
		HideSolutionNode = FALSE
	EndGlobalSection
EndGlobal
