<?xml version="1.0" encoding="utf-8"?>
<Project ToolsVersion="4.0" xmlns="http://schemas.microsoft.com/developer/msbuild/2003">
  <ItemGroup>
    <Filter Include="Implementations">
      <UniqueIdentifier>{4FC737F1-C7A5-4376-A066-2A32D752A2FF}</UniqueIdentifier>
      <Extensions>cpp;c;cc;cxx;def;odl;idl;hpj;bat;asm;asmx</Extensions>
    </Filter>
    <Filter Include="Headers">
      <UniqueIdentifier>{93995380-89BD-4b04-88EB-625FBE52EBFB}</UniqueIdentifier>
      <Extensions>h;hh;hpp;hxx;hm;inl;inc;xsd</Extensions>
    </Filter>
    <Filter Include="Headers\trained">
      <UniqueIdentifier>{1b3a181c-c7b8-45a2-a69a-d9d44c2916a2}</UniqueIdentifier>
    </Filter>
    <Filter Include="Headers\genotype">
      <UniqueIdentifier>{47175009-9fb0-42c1-a3d0-e494e31ab576}</UniqueIdentifier>
    </Filter>
    <Filter Include="Headers\phenotype">
      <UniqueIdentifier>{7eff9a19-53b8-4cbe-b45e-2bcf850e646b}</UniqueIdentifier>
    </Filter>
    <Filter Include="Headers\training">
      <UniqueIdentifier>{05c8e61d-bf8b-4e59-9b8a-3f4e4eea7c77}</UniqueIdentifier>
    </Filter>
    <Filter Include="Headers\body">
      <UniqueIdentifier>{12aad913-2080-45bb-b6eb-467bac118a68}</UniqueIdentifier>
    </Filter>
    <Filter Include="Headers\utility">
      <UniqueIdentifier>{9924541a-57ef-41f7-83f0-f04c305a8b02}</UniqueIdentifier>
    </Filter>
    <Filter Include="Implementations\utility">
      <UniqueIdentifier>{789582d4-5c4e-46bf-a1d3-8a4ee85bbab0}</UniqueIdentifier>
    </Filter>
    <Filter Include="Implementations\training">
      <UniqueIdentifier>{5a054ed5-4cb0-4bea-8aee-f60667fff562}</UniqueIdentifier>
    </Filter>
    <Filter Include="Implementations\phenotype">
      <UniqueIdentifier>{5a7bd4d8-4fe9-4082-b592-afcfb2d14d9d}</UniqueIdentifier>
    </Filter>
    <Filter Include="Implementations\genotype">
      <UniqueIdentifier>{938f9753-f15f-40e8-b911-9644cba4c10a}</UniqueIdentifier>
    </Filter>
  </ItemGroup>
  <ItemGroup>
    <ClInclude Include="Sources\Headers\trained\classifier.hpp">
      <Filter>Headers\trained</Filter>
    </ClInclude>
    <ClInclude Include="Sources\Headers\genotype\gene.hpp">
      <Filter>Headers\genotype</Filter>
    </ClInclude>
    <ClInclude Include="Sources\Headers\genotype\genome.hpp">
      <Filter>Headers\genotype</Filter>
    </ClInclude>
    <ClInclude Include="Sources\Headers\phenotype\neural_network.hpp">
      <Filter>Headers\phenotype</Filter>
    </ClInclude>
    <ClInclude Include="Sources\Headers\phenotype\neuron.hpp">
      <Filter>Headers\phenotype</Filter>
    </ClInclude>
    <ClInclude Include="Sources\Headers\phenotype\organism.hpp">
      <Filter>Headers\phenotype</Filter>
    </ClInclude>
    <ClInclude Include="Sources\Headers\training\innovation_cacher.hpp">
      <Filter>Headers\training</Filter>
    </ClInclude>
    <ClInclude Include="Sources\Headers\training\neural_network_trainer.hpp">
      <Filter>Headers\training</Filter>
    </ClInclude>
    <ClInclude Include="Sources\Headers\training\species.hpp">
      <Filter>Headers\training</Filter>
    </ClInclude>
    <ClInclude Include="Sources\Headers\training\species_manager.hpp">
      <Filter>Headers\training</Filter>
    </ClInclude>
    <ClInclude Include="Sources\Headers\body\body.hpp">
      <Filter>Headers\body</Filter>
    </ClInclude>
    <ClInclude Include="Sources\Headers\utility\jsmn.h">
      <Filter>Headers\utility</Filter>
    </ClInclude>
    <ClInclude Include="Sources\Headers\utility\logger.hpp">
      <Filter>Headers\utility</Filter>
    </ClInclude>
    <ClInclude Include="Sources\Headers\body\supervised_learning.hpp">
      <Filter>Headers\body</Filter>
    </ClInclude>
    <ClInclude Include="Sources\Headers\utility\random.hpp">
      <Filter>Headers\utility</Filter>
    </ClInclude>
    <ClInclude Include="Sources\Headers\type.hpp">
      <Filter>Headers</Filter>
    </ClInclude>
    <ClInclude Include="Sources\Headers\Trained\neural_network.hpp">
      <Filter>Headers\trained</Filter>
    </ClInclude>
    <ClInclude Include="Sources\Headers\training\data.hpp">
      <Filter>Headers\training</Filter>
    </ClInclude>
    <ClInclude Include="Sources\Headers\training\parameters.hpp">
      <Filter>Headers\training</Filter>
    </ClInclude>
    <ClInclude Include="Sources\Headers\utility\fillable_ref.hpp">
      <Filter>Headers\utility</Filter>
    </ClInclude>
    <ClInclude Include="Sources\Headers\phenotype\activation_functor.h">
      <Filter>Headers\phenotype</Filter>
    </ClInclude>
    <ClInclude Include="Sources\Headers\utility\interface.h">
      <Filter>Headers\utility</Filter>
    </ClInclude>
  </ItemGroup>
  <ItemGroup>
    <ClCompile Include="Sources\Implementations\genotype\gene.cpp">
      <Filter>Implementations\genotype</Filter>
    </ClCompile>
    <ClCompile Include="Sources\Implementations\genotype\genome.cpp">
      <Filter>Implementations\genotype</Filter>
    </ClCompile>
    <ClCompile Include="Sources\Implementations\phenotype\neural_network.cpp">
      <Filter>Implementations\phenotype</Filter>
    </ClCompile>
    <ClCompile Include="Sources\Implementations\phenotype\neuron.cpp">
      <Filter>Implementations\phenotype</Filter>
    </ClCompile>
    <ClCompile Include="Sources\Implementations\phenotype\organism.cpp">
      <Filter>Implementations\phenotype</Filter>
    </ClCompile>
    <ClCompile Include="Sources\Implementations\training\innovation_cacher.cpp">
      <Filter>Implementations\training</Filter>
    </ClCompile>
    <ClCompile Include="Sources\Implementations\training\neural_network_trainer.cpp">
      <Filter>Implementations\training</Filter>
    </ClCompile>
    <ClCompile Include="Sources\Implementations\training\species.cpp">
      <Filter>Implementations\training</Filter>
    </ClCompile>
    <ClCompile Include="Sources\Implementations\training\species_manager.cpp">
      <Filter>Implementations\training</Filter>
    </ClCompile>
    <ClCompile Include="Sources\Implementations\utility\jsmn.c">
      <Filter>Implementations\utility</Filter>
    </ClCompile>
    <ClCompile Include="Sources\Implementations\utility\logger.cpp">
      <Filter>Implementations\utility</Filter>
    </ClCompile>
    <ClCompile Include="Sources\Implementations\training\parameters.cpp">
      <Filter>Implementations\training</Filter>
    </ClCompile>
    <ClCompile Include="Sources\Implementations\utility\random.cpp">
      <Filter>Implementations\utility</Filter>
    </ClCompile>
  </ItemGroup>
</Project>