<?xml version="1.0" encoding="utf-8"?>
<Project ToolsVersion="4.0" xmlns="http://schemas.microsoft.com/developer/msbuild/2003">
  <ItemGroup>
    <Filter Include="Implementations">
      <UniqueIdentifier>{4FC737F1-C7A5-4376-A066-2A32D752A2FF}</UniqueIdentifier>
      <Extensions>cpp;c;cc;cxx;def;odl;idl;hpj;bat;asm;asmx</Extensions>
    </Filter>
    <Filter Include="Headers">
      <UniqueIdentifier>{93995380-89BD-4b04-88EB-625FBE52EBFB}</UniqueIdentifier>
      <Extensions>h;hh;hpp;hxx;hm;inl;inc;xsd</Extensions>
    </Filter>
  </ItemGroup>
  <ItemGroup>
    <ClInclude Include="Sources\Headers\utility.hpp">
      <Filter>Headers</Filter>
    </ClInclude>
    <ClInclude Include="Sources\Headers\body.hpp">
      <Filter>Headers</Filter>
    </ClInclude>
    <ClInclude Include="Sources\Headers\gene.hpp">
      <Filter>Headers</Filter>
    </ClInclude>
    <ClInclude Include="Sources\Headers\genome.hpp">
      <Filter>Headers</Filter>
    </ClInclude>
    <ClInclude Include="Sources\Headers\logger.hpp">
      <Filter>Headers</Filter>
    </ClInclude>
    <ClInclude Include="Sources\Headers\neural_network.hpp">
      <Filter>Headers</Filter>
    </ClInclude>
    <ClInclude Include="Sources\Headers\neural_network_trainer.hpp">
      <Filter>Headers</Filter>
    </ClInclude>
    <ClInclude Include="Sources\Headers\neuron.hpp">
      <Filter>Headers</Filter>
    </ClInclude>
    <ClInclude Include="Sources\Headers\organism.hpp">
      <Filter>Headers</Filter>
    </ClInclude>
    <ClInclude Include="Sources\Headers\species.hpp">
      <Filter>Headers</Filter>
    </ClInclude>
    <ClInclude Include="Sources\Headers\species_manager.hpp">
      <Filter>Headers</Filter>
    </ClInclude>
    <ClInclude Include="Sources\Headers\supervised_training_body.hpp">
      <Filter>Headers</Filter>
    </ClInclude>
    <ClInclude Include="Sources\Headers\trained_neural_network.hpp">
      <Filter>Headers</Filter>
    </ClInclude>
    <ClInclude Include="Sources\Headers\training_data.hpp">
      <Filter>Headers</Filter>
    </ClInclude>
    <ClInclude Include="Sources\Headers\training_parameters.hpp">
      <Filter>Headers</Filter>
    </ClInclude>
    <ClInclude Include="Sources\Headers\jsmn.h">
      <Filter>Headers</Filter>
    </ClInclude>
  </ItemGroup>
  <ItemGroup>
    <ClCompile Include="Sources\Implementations\gene.cpp">
      <Filter>Implementations</Filter>
    </ClCompile>
    <ClCompile Include="Sources\Implementations\genome.cpp">
      <Filter>Implementations</Filter>
    </ClCompile>
    <ClCompile Include="Sources\Implementations\logger.cpp">
      <Filter>Implementations</Filter>
    </ClCompile>
    <ClCompile Include="Sources\Implementations\neural_network.cpp">
      <Filter>Implementations</Filter>
    </ClCompile>
    <ClCompile Include="Sources\Implementations\neural_network_trainer.cpp">
      <Filter>Implementations</Filter>
    </ClCompile>
    <ClCompile Include="Sources\Implementations\neuron.cpp">
      <Filter>Implementations</Filter>
    </ClCompile>
    <ClCompile Include="Sources\Implementations\organism.cpp">
      <Filter>Implementations</Filter>
    </ClCompile>
    <ClCompile Include="Sources\Implementations\species.cpp">
      <Filter>Implementations</Filter>
    </ClCompile>
    <ClCompile Include="Sources\Implementations\trained_neural_network.cpp">
      <Filter>Implementations</Filter>
    </ClCompile>
    <ClCompile Include="Sources\Implementations\training_parameters.cpp">
      <Filter>Implementations</Filter>
    </ClCompile>
    <ClCompile Include="Sources\Implementations\species_manager.cpp">
      <Filter>Implementations</Filter>
    </ClCompile>
    <ClCompile Include="Sources\Implementations\jsmn.c">
      <Filter>Implementations</Filter>
    </ClCompile>
    <ClCompile Include="Sources\Implementations\utility.cpp">
      <Filter>Implementations</Filter>
    </ClCompile>
  </ItemGroup>
</Project>